
Microsoft Visual Studio Solution File, Format Version 12.00
# Visual Studio Version 17
VisualStudioVersion = 17.0.31903.59
MinimumVisualStudioVersion = 10.0.40219.1
Project("{FAE04EC0-301F-11D3-BF4B-00C04F79EFBC}") = "OpenAbility.Graphik", "OpenAbility.Graphik\OpenAbility.Graphik.csproj", "{2202D3E8-9B6A-42AA-9BFE-207EAAF6D817}"
EndProject
Project("{FAE04EC0-301F-11D3-BF4B-00C04F79EFBC}") = "OpenAbility.Graphik.OpenGL", "OpenAbility.Graphik.OpenGL\OpenAbility.Graphik.OpenGL.csproj", "{5774EE50-13DA-4010-99A4-7A4E7FEF34C8}"
EndProject
Project("{FAE04EC0-301F-11D3-BF4B-00C04F79EFBC}") = "OpenAbility.Graphik.Test", "OpenAbility.Graphik.Test\OpenAbility.Graphik.Test.csproj", "{65C59E72-9DA2-480B-98E1-0D34419E0518}"
EndProject
Global
	GlobalSection(SolutionConfigurationPlatforms) = preSolution
		Debug|Any CPU = Debug|Any CPU
		Release|Any CPU = Release|Any CPU
	EndGlobalSection
	GlobalSection(SolutionProperties) = preSolution
		HideSolutionNode = FALSE
	EndGlobalSection
	GlobalSection(ProjectConfigurationPlatforms) = postSolution
		{2202D3E8-9B6A-42AA-9BFE-207EAAF6D817}.Debug|Any CPU.ActiveCfg = Debug|Any CPU
		{2202D3E8-9B6A-42AA-9BFE-207EAAF6D817}.Debug|Any CPU.Build.0 = Debug|Any CPU
		{2202D3E8-9B6A-42AA-9BFE-207EAAF6D817}.Release|Any CPU.ActiveCfg = Release|Any CPU
		{2202D3E8-9B6A-42AA-9BFE-207EAAF6D817}.Release|Any CPU.Build.0 = Release|Any CPU
		{5774EE50-13DA-4010-99A4-7A4E7FEF34C8}.Debug|Any CPU.ActiveCfg = Debug|Any CPU
		{5774EE50-13DA-4010-99A4-7A4E7FEF34C8}.Debug|Any CPU.Build.0 = Debug|Any CPU
		{5774EE50-13DA-4010-99A4-7A4E7FEF34C8}.Release|Any CPU.ActiveCfg = Release|Any CPU
		{5774EE50-13DA-4010-99A4-7A4E7FEF34C8}.Release|Any CPU.Build.0 = Release|Any CPU
		{65C59E72-9DA2-480B-98E1-0D34419E0518}.Debug|Any CPU.ActiveCfg = Debug|Any CPU
		{65C59E72-9DA2-480B-98E1-0D34419E0518}.Debug|Any CPU.Build.0 = Debug|Any CPU
		{65C59E72-9DA2-480B-98E1-0D34419E0518}.Release|Any CPU.ActiveCfg = Release|Any CPU
		{65C59E72-9DA2-480B-98E1-0D34419E0518}.Release|Any CPU.Build.0 = Release|Any CPU
	EndGlobalSection
EndGlobal
